
Microsoft Visual Studio Solution File, Format Version 12.00
# Visual Studio 2013
VisualStudioVersion = 12.0.21005.1
MinimumVisualStudioVersion = 10.0.40219.1
Project("{FAE04EC0-301F-11D3-BF4B-00C04F79EFBC}") = "LD_DC", "LD_DC\LD_DC.csproj", "{93783682-4D01-4892-A91B-B17689C43D34}"
EndProject
Project("{FAE04EC0-301F-11D3-BF4B-00C04F79EFBC}") = "DAL", "DAL\DAL.csproj", "{9FE00521-3A8B-42B1-814E-585E99407B2E}"
EndProject
Project("{FAE04EC0-301F-11D3-BF4B-00C04F79EFBC}") = "Model", "Model\Model.csproj", "{53995DBB-9836-4647-AD22-865884FDEB9E}"
EndProject
Project("{FAE04EC0-301F-11D3-BF4B-00C04F79EFBC}") = "Common", "Common\Common.csproj", "{985D87FF-634E-4099-86F6-4266BA86F50D}"
EndProject
Project("{FAE04EC0-301F-11D3-BF4B-00C04F79EFBC}") = "BlueThink.Comm", "BlueThink.Comm\BlueThink.Comm.csproj", "{D6DD1EB5-A9E4-43C0-9D37-1BA6B0F936F2}"
EndProject
Global
	GlobalSection(SolutionConfigurationPlatforms) = preSolution
		Debug|Any CPU = Debug|Any CPU
		Release|Any CPU = Release|Any CPU
	EndGlobalSection
	GlobalSection(ProjectConfigurationPlatforms) = postSolution
		{93783682-4D01-4892-A91B-B17689C43D34}.Debug|Any CPU.ActiveCfg = Debug|Any CPU
		{93783682-4D01-4892-A91B-B17689C43D34}.Debug|Any CPU.Build.0 = Debug|Any CPU
		{93783682-4D01-4892-A91B-B17689C43D34}.Release|Any CPU.ActiveCfg = Release|Any CPU
		{93783682-4D01-4892-A91B-B17689C43D34}.Release|Any CPU.Build.0 = Release|Any CPU
		{9FE00521-3A8B-42B1-814E-585E99407B2E}.Debug|Any CPU.ActiveCfg = Debug|Any CPU
		{9FE00521-3A8B-42B1-814E-585E99407B2E}.Debug|Any CPU.Build.0 = Debug|Any CPU
		{9FE00521-3A8B-42B1-814E-585E99407B2E}.Release|Any CPU.ActiveCfg = Release|Any CPU
		{9FE00521-3A8B-42B1-814E-585E99407B2E}.Release|Any CPU.Build.0 = Release|Any CPU
		{53995DBB-9836-4647-AD22-865884FDEB9E}.Debug|Any CPU.ActiveCfg = Debug|Any CPU
		{53995DBB-9836-4647-AD22-865884FDEB9E}.Debug|Any CPU.Build.0 = Debug|Any CPU
		{53995DBB-9836-4647-AD22-865884FDEB9E}.Release|Any CPU.ActiveCfg = Release|Any CPU
		{53995DBB-9836-4647-AD22-865884FDEB9E}.Release|Any CPU.Build.0 = Release|Any CPU
		{985D87FF-634E-4099-86F6-4266BA86F50D}.Debug|Any CPU.ActiveCfg = Debug|Any CPU
		{985D87FF-634E-4099-86F6-4266BA86F50D}.Debug|Any CPU.Build.0 = Debug|Any CPU
		{985D87FF-634E-4099-86F6-4266BA86F50D}.Release|Any CPU.ActiveCfg = Release|Any CPU
		{985D87FF-634E-4099-86F6-4266BA86F50D}.Release|Any CPU.Build.0 = Release|Any CPU
		{D6DD1EB5-A9E4-43C0-9D37-1BA6B0F936F2}.Debug|Any CPU.ActiveCfg = Debug|Any CPU
		{D6DD1EB5-A9E4-43C0-9D37-1BA6B0F936F2}.Debug|Any CPU.Build.0 = Debug|Any CPU
		{D6DD1EB5-A9E4-43C0-9D37-1BA6B0F936F2}.Release|Any CPU.ActiveCfg = Release|Any CPU
		{D6DD1EB5-A9E4-43C0-9D37-1BA6B0F936F2}.Release|Any CPU.Build.0 = Release|Any CPU
	EndGlobalSection
	GlobalSection(SolutionProperties) = preSolution
		HideSolutionNode = FALSE
	EndGlobalSection
EndGlobal
